
Microsoft Visual Studio Solution File, Format Version 12.00
# Visual Studio 15
VisualStudioVersion = 15.0.28307.539
MinimumVisualStudioVersion = 10.0.40219.1
Project("{FAE04EC0-301F-11D3-BF4B-00C04F79EFBC}") = "Report", "Report\Report.csproj", "{A4620767-C98E-4DBA-99E4-3371D5ACFC59}"
EndProject
Project("{FAE04EC0-301F-11D3-BF4B-00C04F79EFBC}") = "Model", "Model\Model.csproj", "{C1F12045-86C6-4FBC-9FB0-F4D54DB9A268}"
EndProject
Project("{FAE04EC0-301F-11D3-BF4B-00C04F79EFBC}") = "Operations", "Operations\Operations.csproj", "{B09A32B1-7777-472C-B99E-5002993661BC}"
EndProject
Project("{FAE04EC0-301F-11D3-BF4B-00C04F79EFBC}") = "Test", "Test\Test.csproj", "{E3509465-BAF2-432B-A0A3-2721E299F6AB}"
EndProject
Global
	GlobalSection(SolutionConfigurationPlatforms) = preSolution
		Debug|Any CPU = Debug|Any CPU
		Release|Any CPU = Release|Any CPU
	EndGlobalSection
	GlobalSection(ProjectConfigurationPlatforms) = postSolution
		{A4620767-C98E-4DBA-99E4-3371D5ACFC59}.Debug|Any CPU.ActiveCfg = Debug|Any CPU
		{A4620767-C98E-4DBA-99E4-3371D5ACFC59}.Debug|Any CPU.Build.0 = Debug|Any CPU
		{A4620767-C98E-4DBA-99E4-3371D5ACFC59}.Release|Any CPU.ActiveCfg = Release|Any CPU
		{A4620767-C98E-4DBA-99E4-3371D5ACFC59}.Release|Any CPU.Build.0 = Release|Any CPU
		{C1F12045-86C6-4FBC-9FB0-F4D54DB9A268}.Debug|Any CPU.ActiveCfg = Debug|Any CPU
		{C1F12045-86C6-4FBC-9FB0-F4D54DB9A268}.Debug|Any CPU.Build.0 = Debug|Any CPU
		{C1F12045-86C6-4FBC-9FB0-F4D54DB9A268}.Release|Any CPU.ActiveCfg = Release|Any CPU
		{C1F12045-86C6-4FBC-9FB0-F4D54DB9A268}.Release|Any CPU.Build.0 = Release|Any CPU
		{B09A32B1-7777-472C-B99E-5002993661BC}.Debug|Any CPU.ActiveCfg = Debug|Any CPU
		{B09A32B1-7777-472C-B99E-5002993661BC}.Debug|Any CPU.Build.0 = Debug|Any CPU
		{B09A32B1-7777-472C-B99E-5002993661BC}.Release|Any CPU.ActiveCfg = Release|Any CPU
		{B09A32B1-7777-472C-B99E-5002993661BC}.Release|Any CPU.Build.0 = Release|Any CPU
		{E3509465-BAF2-432B-A0A3-2721E299F6AB}.Debug|Any CPU.ActiveCfg = Debug|Any CPU
		{E3509465-BAF2-432B-A0A3-2721E299F6AB}.Debug|Any CPU.Build.0 = Debug|Any CPU
		{E3509465-BAF2-432B-A0A3-2721E299F6AB}.Release|Any CPU.ActiveCfg = Release|Any CPU
		{E3509465-BAF2-432B-A0A3-2721E299F6AB}.Release|Any CPU.Build.0 = Release|Any CPU
	EndGlobalSection
	GlobalSection(SolutionProperties) = preSolution
		HideSolutionNode = FALSE
	EndGlobalSection
	GlobalSection(ExtensibilityGlobals) = postSolution
		SolutionGuid = {C99122A3-FD2B-4CAC-BF9F-58CBF11DB603}
	EndGlobalSection
EndGlobal
